
Microsoft Visual Studio Solution File, Format Version 12.00
# Visual Studio Version 17
VisualStudioVersion = 17.8.34309.116
MinimumVisualStudioVersion = 10.0.40219.1
Project("{FAE04EC0-301F-11D3-BF4B-00C04F79EFBC}") = "TicTacToeGame.WebUI", "TicTacToeGame.WebUI\TicTacToeGame.WebUI.csproj", "{96278A68-D808-4C83-A21C-3882A224C266}"
EndProject
Project("{FAE04EC0-301F-11D3-BF4B-00C04F79EFBC}") = "TicTacToeGame.Domain", "TicTacToeGame.Domain\TicTacToeGame.Domain.csproj", "{142D7BCC-B411-4F88-88F6-AA4B3FD34F39}"
EndProject
Global
	GlobalSection(SolutionConfigurationPlatforms) = preSolution
		Debug|Any CPU = Debug|Any CPU
		Release|Any CPU = Release|Any CPU
	EndGlobalSection
	GlobalSection(ProjectConfigurationPlatforms) = postSolution
		{96278A68-D808-4C83-A21C-3882A224C266}.Debug|Any CPU.ActiveCfg = Debug|Any CPU
		{96278A68-D808-4C83-A21C-3882A224C266}.Debug|Any CPU.Build.0 = Debug|Any CPU
		{96278A68-D808-4C83-A21C-3882A224C266}.Release|Any CPU.ActiveCfg = Release|Any CPU
		{96278A68-D808-4C83-A21C-3882A224C266}.Release|Any CPU.Build.0 = Release|Any CPU
		{142D7BCC-B411-4F88-88F6-AA4B3FD34F39}.Debug|Any CPU.ActiveCfg = Debug|Any CPU
		{142D7BCC-B411-4F88-88F6-AA4B3FD34F39}.Debug|Any CPU.Build.0 = Debug|Any CPU
		{142D7BCC-B411-4F88-88F6-AA4B3FD34F39}.Release|Any CPU.ActiveCfg = Release|Any CPU
		{142D7BCC-B411-4F88-88F6-AA4B3FD34F39}.Release|Any CPU.Build.0 = Release|Any CPU
	EndGlobalSection
	GlobalSection(SolutionProperties) = preSolution
		HideSolutionNode = FALSE
	EndGlobalSection
	GlobalSection(ExtensibilityGlobals) = postSolution
		SolutionGuid = {744FC35A-F69C-4D78-A7FF-706B198FF638}
	EndGlobalSection
EndGlobal
