
Microsoft Visual Studio Solution File, Format Version 12.00
# Visual Studio Version 17
VisualStudioVersion = 17.8.34309.116
MinimumVisualStudioVersion = 10.0.40219.1
Project("{9A19103F-16F7-4668-BE54-9A1E7A4F7556}") = "TicTacToeGame.WebUI", "TicTacToeGame.WebUI\TicTacToeGame.WebUI.csproj", "{96278A68-D808-4C83-A21C-3882A224C266}"
EndProject
Project("{9A19103F-16F7-4668-BE54-9A1E7A4F7556}") = "TicTacToeGame.Domain", "TicTacToeGame.Domain\TicTacToeGame.Domain.csproj", "{142D7BCC-B411-4F88-88F6-AA4B3FD34F39}"
EndProject
Project("{9A19103F-16F7-4668-BE54-9A1E7A4F7556}") = "TicTacToeGame.Services", "TicTacToeGame.Services\TicTacToeGame.Services.csproj", "{BE8E6894-9D3A-42D4-95BF-694B07859B16}"
EndProject
Global
	GlobalSection(SolutionConfigurationPlatforms) = preSolution
		Debug|Any CPU = Debug|Any CPU
		Release|Any CPU = Release|Any CPU
	EndGlobalSection
	GlobalSection(ProjectConfigurationPlatforms) = postSolution
		{96278A68-D808-4C83-A21C-3882A224C266}.Debug|Any CPU.ActiveCfg = Debug|Any CPU
		{96278A68-D808-4C83-A21C-3882A224C266}.Debug|Any CPU.Build.0 = Debug|Any CPU
		{96278A68-D808-4C83-A21C-3882A224C266}.Release|Any CPU.ActiveCfg = Release|Any CPU
		{96278A68-D808-4C83-A21C-3882A224C266}.Release|Any CPU.Build.0 = Release|Any CPU
		{142D7BCC-B411-4F88-88F6-AA4B3FD34F39}.Debug|Any CPU.ActiveCfg = Debug|Any CPU
		{142D7BCC-B411-4F88-88F6-AA4B3FD34F39}.Debug|Any CPU.Build.0 = Debug|Any CPU
		{142D7BCC-B411-4F88-88F6-AA4B3FD34F39}.Release|Any CPU.ActiveCfg = Release|Any CPU
		{142D7BCC-B411-4F88-88F6-AA4B3FD34F39}.Release|Any CPU.Build.0 = Release|Any CPU
		{BE8E6894-9D3A-42D4-95BF-694B07859B16}.Debug|Any CPU.ActiveCfg = Debug|Any CPU
		{BE8E6894-9D3A-42D4-95BF-694B07859B16}.Debug|Any CPU.Build.0 = Debug|Any CPU
		{BE8E6894-9D3A-42D4-95BF-694B07859B16}.Release|Any CPU.ActiveCfg = Release|Any CPU
		{BE8E6894-9D3A-42D4-95BF-694B07859B16}.Release|Any CPU.Build.0 = Release|Any CPU
	EndGlobalSection
	GlobalSection(SolutionProperties) = preSolution
		HideSolutionNode = FALSE
	EndGlobalSection
	GlobalSection(ExtensibilityGlobals) = postSolution
		SolutionGuid = {744FC35A-F69C-4D78-A7FF-706B198FF638}
	EndGlobalSection
EndGlobal
